
Microsoft Visual Studio Solution File, Format Version 12.00
# Visual Studio Version 16
VisualStudioVersion = 16.0.30804.86
MinimumVisualStudioVersion = 10.0.40219.1
Project("{8BC9CEB8-8B4A-11D0-8D11-00A0C91BC942}") = "Singleton", "Singleton\Singleton.vcxproj", "{E37818A5-11FA-4352-9353-C35F99090D64}"
EndProject
Global
	GlobalSection(SolutionConfigurationPlatforms) = preSolution
		Debug|x64 = Debug|x64
		Debug|x86 = Debug|x86
		Release|x64 = Release|x64
		Release|x86 = Release|x86
	EndGlobalSection
	GlobalSection(ProjectConfigurationPlatforms) = postSolution
		{E37818A5-11FA-4352-9353-C35F99090D64}.Debug|x64.ActiveCfg = Debug|x64
		{E37818A5-11FA-4352-9353-C35F99090D64}.Debug|x64.Build.0 = Debug|x64
		{E37818A5-11FA-4352-9353-C35F99090D64}.Debug|x86.ActiveCfg = Debug|Win32
		{E37818A5-11FA-4352-9353-C35F99090D64}.Debug|x86.Build.0 = Debug|Win32
		{E37818A5-11FA-4352-9353-C35F99090D64}.Release|x64.ActiveCfg = Release|x64
		{E37818A5-11FA-4352-9353-C35F99090D64}.Release|x64.Build.0 = Release|x64
		{E37818A5-11FA-4352-9353-C35F99090D64}.Release|x86.ActiveCfg = Release|Win32
		{E37818A5-11FA-4352-9353-C35F99090D64}.Release|x86.Build.0 = Release|Win32
	EndGlobalSection
	GlobalSection(SolutionProperties) = preSolution
		HideSolutionNode = FALSE
	EndGlobalSection
	GlobalSection(ExtensibilityGlobals) = postSolution
		SolutionGuid = {C737D3E4-16A1-4A38-AB4A-F4A9A2C501E6}
	EndGlobalSection
EndGlobal
